{
  "nodes": {
    "home-manager": {
      "inputs": {
        "nixpkgs": [
          "nixpkgs"
        ]
      },
      "locked": {
        "lastModified": 1730016908,
        "narHash": "sha256-bFCxJco7d8IgmjfNExNz9knP8wvwbXU4s/d53KOK6U0=",
        "owner": "nix-community",
        "repo": "home-manager",
        "rev": "e83414058edd339148dc142a8437edb9450574c8",
        "type": "github"
      },
      "original": {
        "owner": "nix-community",
        "ref": "master",
        "repo": "home-manager",
        "type": "github"
      }
    },
    "nix-darwin": {
      "inputs": {
        "nixpkgs": [
          "nixpkgs"
        ]
      },
      "locked": {
        "lastModified": 1730395835,
        "narHash": "sha256-ADGhFqM8hCabAEx2PADy+vi+iynO9aq221PxDZwrhww=",
        "owner": "LnL7",
        "repo": "nix-darwin",
        "rev": "8dbda1064b0678cf0679e4f4091e91f7497e69a2",
        "type": "github"
      },
      "original": {
        "owner": "LnL7",
        "repo": "nix-darwin",
        "type": "github"
      }
    },
    "nixpkgs": {
      "locked": {
        "lastModified": 1730272153,
        "narHash": "sha256-B5WRZYsRlJgwVHIV6DvidFN7VX7Fg9uuwkRW9Ha8z+w=",
        "owner": "NixOS",
        "repo": "nixpkgs",
        "rev": "2d2a9ddbe3f2c00747398f3dc9b05f7f2ebb0f53",
        "type": "github"
      },
      "original": {
        "owner": "NixOS",
        "ref": "nixpkgs-unstable",
        "repo": "nixpkgs",
        "type": "github"
      }
    },
    "root": {
      "inputs": {
        "home-manager": "home-manager",
        "nix-darwin": "nix-darwin",
        "nixpkgs": "nixpkgs"
      }
    }
  },
  "root": "root",
  "version": 7
}
